
Microsoft Visual Studio Solution File, Format Version 12.00
# Visual Studio 15
VisualStudioVersion = 15.0.27130.2027
MinimumVisualStudioVersion = 10.0.40219.1
Project("{2150E333-8FDC-42A3-9474-1A3956D46DE8}") = "src", "src", "{BCC16B03-F302-417D-8893-811D028DA901}"
EndProject
Project("{9A19103F-16F7-4668-BE54-9A1E7A4F7556}") = "Directory.Api", "src\Directory.Api\Directory.Api.csproj", "{7B599F72-5CA6-4BD4-9AC6-3F3BB100EB86}"
EndProject
Global
	GlobalSection(SolutionConfigurationPlatforms) = preSolution
		Debug|Any CPU = Debug|Any CPU
		Release|Any CPU = Release|Any CPU
	EndGlobalSection
	GlobalSection(ProjectConfigurationPlatforms) = postSolution
		{7B599F72-5CA6-4BD4-9AC6-3F3BB100EB86}.Debug|Any CPU.ActiveCfg = Debug|Any CPU
		{7B599F72-5CA6-4BD4-9AC6-3F3BB100EB86}.Debug|Any CPU.Build.0 = Debug|Any CPU
		{7B599F72-5CA6-4BD4-9AC6-3F3BB100EB86}.Release|Any CPU.ActiveCfg = Release|Any CPU
		{7B599F72-5CA6-4BD4-9AC6-3F3BB100EB86}.Release|Any CPU.Build.0 = Release|Any CPU
	EndGlobalSection
	GlobalSection(SolutionProperties) = preSolution
		HideSolutionNode = FALSE
	EndGlobalSection
	GlobalSection(NestedProjects) = preSolution
		{7B599F72-5CA6-4BD4-9AC6-3F3BB100EB86} = {BCC16B03-F302-417D-8893-811D028DA901}
	EndGlobalSection
	GlobalSection(ExtensibilityGlobals) = postSolution
		SolutionGuid = {EA9C10C3-89C0-400B-A63E-ECA883DADD82}
	EndGlobalSection
EndGlobal
